
Microsoft Visual Studio Solution File, Format Version 12.00
# Visual Studio 15
VisualStudioVersion = 15.0.27130.2010
MinimumVisualStudioVersion = 10.0.40219.1
Project("{FAE04EC0-301F-11D3-BF4B-00C04F79EFBC}") = "silenceDetector", "silenceDetector\silenceDetector.csproj", "{A3EDB939-B57F-4EB3-8178-93E5D5F7932C}"
EndProject
Global
	GlobalSection(SolutionConfigurationPlatforms) = preSolution
		Debug|Any CPU = Debug|Any CPU
		Release|Any CPU = Release|Any CPU
	EndGlobalSection
	GlobalSection(ProjectConfigurationPlatforms) = postSolution
		{A3EDB939-B57F-4EB3-8178-93E5D5F7932C}.Debug|Any CPU.ActiveCfg = Debug|Any CPU
		{A3EDB939-B57F-4EB3-8178-93E5D5F7932C}.Debug|Any CPU.Build.0 = Debug|Any CPU
		{A3EDB939-B57F-4EB3-8178-93E5D5F7932C}.Release|Any CPU.ActiveCfg = Release|Any CPU
		{A3EDB939-B57F-4EB3-8178-93E5D5F7932C}.Release|Any CPU.Build.0 = Release|Any CPU
	EndGlobalSection
	GlobalSection(SolutionProperties) = preSolution
		HideSolutionNode = FALSE
	EndGlobalSection
	GlobalSection(ExtensibilityGlobals) = postSolution
		SolutionGuid = {BE2AE642-3E9A-428F-8254-84FC1CA76801}
	EndGlobalSection
EndGlobal
